
Microsoft Visual Studio Solution File, Format Version 12.00
# Visual Studio Version 17
VisualStudioVersion = 17.4.33213.308
MinimumVisualStudioVersion = 10.0.40219.1
Project("{FAE04EC0-301F-11D3-BF4B-00C04F79EFBC}") = "TestTilXamen", "TestTilXamen\TestTilXamen.csproj", "{02604B1D-1267-4CAA-95BB-0ACBD81BBB26}"
EndProject
Global
	GlobalSection(SolutionConfigurationPlatforms) = preSolution
		Debug|Any CPU = Debug|Any CPU
		Release|Any CPU = Release|Any CPU
	EndGlobalSection
	GlobalSection(ProjectConfigurationPlatforms) = postSolution
		{02604B1D-1267-4CAA-95BB-0ACBD81BBB26}.Debug|Any CPU.ActiveCfg = Debug|Any CPU
		{02604B1D-1267-4CAA-95BB-0ACBD81BBB26}.Debug|Any CPU.Build.0 = Debug|Any CPU
		{02604B1D-1267-4CAA-95BB-0ACBD81BBB26}.Release|Any CPU.ActiveCfg = Release|Any CPU
		{02604B1D-1267-4CAA-95BB-0ACBD81BBB26}.Release|Any CPU.Build.0 = Release|Any CPU
	EndGlobalSection
	GlobalSection(SolutionProperties) = preSolution
		HideSolutionNode = FALSE
	EndGlobalSection
	GlobalSection(ExtensibilityGlobals) = postSolution
		SolutionGuid = {2AFEFFCD-2595-404F-B68B-90C119D3EDD7}
	EndGlobalSection
EndGlobal
